{
  "name": "LilTest",
  "lockfileVersion": 2,
  "requires": true,
  "packages": {
    "": {
      "dependencies": {
        "@quenty/fakeskybox": "^5.0.0"
      }
    },
    "node_modules/@quenty/acceltween": {
      "version": "2.2.0",
      "resolved": "https://registry.npmjs.org/@quenty/acceltween/-/acceltween-2.2.0.tgz",
      "integrity": "sha512-E0Kofj64SF2NGMxKPSPZsR7Fi83zLgcS8gWS+1juSglaVLwuxYnJitMGhbwO1qh3YhB4kbUzEyVxkSdZAAxEsA==",
      "funding": {
        "type": "patreon",
        "url": "https://www.patreon.com/quenty"
      }
    },
    "node_modules/@quenty/fakeskybox": {
      "version": "5.0.0",
      "resolved": "https://registry.npmjs.org/@quenty/fakeskybox/-/fakeskybox-5.0.0.tgz",
      "integrity": "sha512-P/dgcXFky6D+hmLSdjUP7OYOn4aE81ZYHW7uI4XvT2TK5b51CC9o+f8FRWBtHACmEI80D679M3obPwRRMZg37Q==",
      "dependencies": {
        "@quenty/acceltween": "^2.2.0",
        "@quenty/loader": "^5.0.0",
        "@quenty/maid": "^2.3.0",
        "@quenty/signal": "^2.2.0"
      },
      "funding": {
        "type": "patreon",
        "url": "https://www.patreon.com/quenty"
      }
    },
    "node_modules/@quenty/loader": {
      "version": "5.0.0",
      "resolved": "https://registry.npmjs.org/@quenty/loader/-/loader-5.0.0.tgz",
      "integrity": "sha512-9bWxJDqaYd0eNWZqB4QoT/B0BIgBc7HM+USFy+cVjvOldyD8gmKPkWEQwSNIOEDm4b8wKcwIgG8L4RfvfoTXNA==",
      "funding": {
        "type": "patreon",
        "url": "https://www.patreon.com/quenty"
      }
    },
    "node_modules/@quenty/maid": {
      "version": "2.3.0",
      "resolved": "https://registry.npmjs.org/@quenty/maid/-/maid-2.3.0.tgz",
      "integrity": "sha512-UVoXLejuBKnGpLLuOTWxHpG43mIesOwNErUUIuLQ1cIA8fSVnOA1DXzd8sz+4hdd5FFijnOhDojrtEZRD8LQdw==",
      "funding": {
        "type": "patreon",
        "url": "https://www.patreon.com/quenty"
      }
    },
    "node_modules/@quenty/signal": {
      "version": "2.2.0",
      "resolved": "https://registry.npmjs.org/@quenty/signal/-/signal-2.2.0.tgz",
      "integrity": "sha512-IYNKOUDi/V7rgrjhxdtEDgNCfywK1Svltu3MI8pVVsCYfPDZQ+FSlpLlEDeQu/UihhjamHRSHptPgIUuQPSo7g==",
      "funding": {
        "type": "patreon",
        "url": "https://www.patreon.com/quenty"
      }
    }
  },
  "dependencies": {
    "@quenty/acceltween": {
      "version": "2.2.0",
      "resolved": "https://registry.npmjs.org/@quenty/acceltween/-/acceltween-2.2.0.tgz",
      "integrity": "sha512-E0Kofj64SF2NGMxKPSPZsR7Fi83zLgcS8gWS+1juSglaVLwuxYnJitMGhbwO1qh3YhB4kbUzEyVxkSdZAAxEsA=="
    },
    "@quenty/fakeskybox": {
      "version": "5.0.0",
      "resolved": "https://registry.npmjs.org/@quenty/fakeskybox/-/fakeskybox-5.0.0.tgz",
      "integrity": "sha512-P/dgcXFky6D+hmLSdjUP7OYOn4aE81ZYHW7uI4XvT2TK5b51CC9o+f8FRWBtHACmEI80D679M3obPwRRMZg37Q==",
      "requires": {
        "@quenty/acceltween": "^2.2.0",
        "@quenty/loader": "^5.0.0",
        "@quenty/maid": "^2.3.0",
        "@quenty/signal": "^2.2.0"
      }
    },
    "@quenty/loader": {
      "version": "5.0.0",
      "resolved": "https://registry.npmjs.org/@quenty/loader/-/loader-5.0.0.tgz",
      "integrity": "sha512-9bWxJDqaYd0eNWZqB4QoT/B0BIgBc7HM+USFy+cVjvOldyD8gmKPkWEQwSNIOEDm4b8wKcwIgG8L4RfvfoTXNA=="
    },
    "@quenty/maid": {
      "version": "2.3.0",
      "resolved": "https://registry.npmjs.org/@quenty/maid/-/maid-2.3.0.tgz",
      "integrity": "sha512-UVoXLejuBKnGpLLuOTWxHpG43mIesOwNErUUIuLQ1cIA8fSVnOA1DXzd8sz+4hdd5FFijnOhDojrtEZRD8LQdw=="
    },
    "@quenty/signal": {
      "version": "2.2.0",
      "resolved": "https://registry.npmjs.org/@quenty/signal/-/signal-2.2.0.tgz",
      "integrity": "sha512-IYNKOUDi/V7rgrjhxdtEDgNCfywK1Svltu3MI8pVVsCYfPDZQ+FSlpLlEDeQu/UihhjamHRSHptPgIUuQPSo7g=="
    }
  }
}
